
Microsoft Visual Studio Solution File, Format Version 12.00
# Visual Studio Version 17
VisualStudioVersion = 17.7.34024.191
MinimumVisualStudioVersion = 10.0.40219.1
Project("{9A19103F-16F7-4668-BE54-9A1E7A4F7556}") = "P02_FootballBetting", "P02_FootballBetting\P02_FootballBetting.csproj", "{4AB960F2-414D-455F-B415-A3A5FDED2E13}"
EndProject
Project("{9A19103F-16F7-4668-BE54-9A1E7A4F7556}") = "P02_FootballBetting.Data", "P02_FootballBetting.Data\P02_FootballBetting.Data.csproj", "{55F8EA55-1430-45B1-B5B5-2F75EFE1F979}"
EndProject
Project("{9A19103F-16F7-4668-BE54-9A1E7A4F7556}") = "P02_FootballBetting.Data.Models", "P02_FootballBetting.Models\P02_FootballBetting.Data.Models.csproj", "{B7F5A284-0205-493B-9AFD-99E6443A3949}"
EndProject
Global
	GlobalSection(SolutionConfigurationPlatforms) = preSolution
		Debug|Any CPU = Debug|Any CPU
		Release|Any CPU = Release|Any CPU
	EndGlobalSection
	GlobalSection(ProjectConfigurationPlatforms) = postSolution
		{4AB960F2-414D-455F-B415-A3A5FDED2E13}.Debug|Any CPU.ActiveCfg = Debug|Any CPU
		{4AB960F2-414D-455F-B415-A3A5FDED2E13}.Debug|Any CPU.Build.0 = Debug|Any CPU
		{4AB960F2-414D-455F-B415-A3A5FDED2E13}.Release|Any CPU.ActiveCfg = Release|Any CPU
		{4AB960F2-414D-455F-B415-A3A5FDED2E13}.Release|Any CPU.Build.0 = Release|Any CPU
		{55F8EA55-1430-45B1-B5B5-2F75EFE1F979}.Debug|Any CPU.ActiveCfg = Debug|Any CPU
		{55F8EA55-1430-45B1-B5B5-2F75EFE1F979}.Debug|Any CPU.Build.0 = Debug|Any CPU
		{55F8EA55-1430-45B1-B5B5-2F75EFE1F979}.Release|Any CPU.ActiveCfg = Release|Any CPU
		{55F8EA55-1430-45B1-B5B5-2F75EFE1F979}.Release|Any CPU.Build.0 = Release|Any CPU
		{B7F5A284-0205-493B-9AFD-99E6443A3949}.Debug|Any CPU.ActiveCfg = Debug|Any CPU
		{B7F5A284-0205-493B-9AFD-99E6443A3949}.Debug|Any CPU.Build.0 = Debug|Any CPU
		{B7F5A284-0205-493B-9AFD-99E6443A3949}.Release|Any CPU.ActiveCfg = Release|Any CPU
		{B7F5A284-0205-493B-9AFD-99E6443A3949}.Release|Any CPU.Build.0 = Release|Any CPU
	EndGlobalSection
	GlobalSection(SolutionProperties) = preSolution
		HideSolutionNode = FALSE
	EndGlobalSection
	GlobalSection(ExtensibilityGlobals) = postSolution
		SolutionGuid = {D0AFD356-E8FA-43ED-8EBD-0A49694CC791}
	EndGlobalSection
EndGlobal
